
Microsoft Visual Studio Solution File, Format Version 12.00
# Visual Studio Version 17
VisualStudioVersion = 17.11.35327.3
MinimumVisualStudioVersion = 10.0.40219.1
Project("{FAE04EC0-301F-11D3-BF4B-00C04F79EFBC}") = "CrudApplicationWithMySql3", "CrudApplicationWithMySql3\CrudApplicationWithMySql3.csproj", "{BE91625B-1F91-4428-AAD6-119AAA172159}"
EndProject
Global
	GlobalSection(SolutionConfigurationPlatforms) = preSolution
		Debug|Any CPU = Debug|Any CPU
		Release|Any CPU = Release|Any CPU
	EndGlobalSection
	GlobalSection(ProjectConfigurationPlatforms) = postSolution
		{BE91625B-1F91-4428-AAD6-119AAA172159}.Debug|Any CPU.ActiveCfg = Debug|Any CPU
		{BE91625B-1F91-4428-AAD6-119AAA172159}.Debug|Any CPU.Build.0 = Debug|Any CPU
		{BE91625B-1F91-4428-AAD6-119AAA172159}.Release|Any CPU.ActiveCfg = Release|Any CPU
		{BE91625B-1F91-4428-AAD6-119AAA172159}.Release|Any CPU.Build.0 = Release|Any CPU
	EndGlobalSection
	GlobalSection(SolutionProperties) = preSolution
		HideSolutionNode = FALSE
	EndGlobalSection
	GlobalSection(ExtensibilityGlobals) = postSolution
		SolutionGuid = {5EA4977A-AF07-46F4-997F-8B1E7FC5F2BA}
	EndGlobalSection
EndGlobal
